
Microsoft Visual Studio Solution File, Format Version 12.00
# Visual Studio Version 17
VisualStudioVersion = 17.3.32929.385
MinimumVisualStudioVersion = 10.0.40219.1
Project("{9A19103F-16F7-4668-BE54-9A1E7A4F7556}") = "Avalonia.Themes.Semi", "src\Avalonia.Themes.Semi\Avalonia.Themes.Semi.csproj", "{807DB45D-14B8-4238-A9F2-24C530BE9F7A}"
EndProject
Project("{FAE04EC0-301F-11D3-BF4B-00C04F79EFBC}") = "Semi.Demo", "Semi.Demo\Semi.Demo.csproj", "{2EDDD805-4AA2-4C20-9927-F8CB6270797C}"
EndProject
Global
	GlobalSection(SolutionConfigurationPlatforms) = preSolution
		Debug|Any CPU = Debug|Any CPU
		Release|Any CPU = Release|Any CPU
	EndGlobalSection
	GlobalSection(ProjectConfigurationPlatforms) = postSolution
		{807DB45D-14B8-4238-A9F2-24C530BE9F7A}.Debug|Any CPU.ActiveCfg = Debug|Any CPU
		{807DB45D-14B8-4238-A9F2-24C530BE9F7A}.Debug|Any CPU.Build.0 = Debug|Any CPU
		{807DB45D-14B8-4238-A9F2-24C530BE9F7A}.Release|Any CPU.ActiveCfg = Release|Any CPU
		{807DB45D-14B8-4238-A9F2-24C530BE9F7A}.Release|Any CPU.Build.0 = Release|Any CPU
		{2EDDD805-4AA2-4C20-9927-F8CB6270797C}.Debug|Any CPU.ActiveCfg = Debug|Any CPU
		{2EDDD805-4AA2-4C20-9927-F8CB6270797C}.Debug|Any CPU.Build.0 = Debug|Any CPU
		{2EDDD805-4AA2-4C20-9927-F8CB6270797C}.Release|Any CPU.ActiveCfg = Release|Any CPU
		{2EDDD805-4AA2-4C20-9927-F8CB6270797C}.Release|Any CPU.Build.0 = Release|Any CPU
	EndGlobalSection
	GlobalSection(SolutionProperties) = preSolution
		HideSolutionNode = FALSE
	EndGlobalSection
	GlobalSection(ExtensibilityGlobals) = postSolution
		SolutionGuid = {7CA41ED3-2CED-40CC-AA21-28C3B42B1E86}
	EndGlobalSection
EndGlobal
