
Microsoft Visual Studio Solution File, Format Version 12.00
# Visual Studio Version 17
VisualStudioVersion = 17.3.32929.385
MinimumVisualStudioVersion = 10.0.40219.1
Project("{FAE04EC0-301F-11D3-BF4B-00C04F79EFBC}") = "Semi.Avalonia", "src\Semi.Avalonia\Semi.Avalonia.csproj", "{90D0B063-BC64-40AB-A56C-AC11909CF410}"
EndProject
Project("{FAE04EC0-301F-11D3-BF4B-00C04F79EFBC}") = "Semi.Avalonia.Demo", "src\Semi.Avalonia.Demo\Semi.Avalonia.Demo.csproj", "{799F311A-7376-4C90-B468-B7E7FFC1AF59}"
EndProject
Global
	GlobalSection(SolutionConfigurationPlatforms) = preSolution
		Debug|Any CPU = Debug|Any CPU
		Release|Any CPU = Release|Any CPU
	EndGlobalSection
	GlobalSection(ProjectConfigurationPlatforms) = postSolution
		{90D0B063-BC64-40AB-A56C-AC11909CF410}.Debug|Any CPU.ActiveCfg = Debug|Any CPU
		{90D0B063-BC64-40AB-A56C-AC11909CF410}.Debug|Any CPU.Build.0 = Debug|Any CPU
		{90D0B063-BC64-40AB-A56C-AC11909CF410}.Release|Any CPU.ActiveCfg = Release|Any CPU
		{90D0B063-BC64-40AB-A56C-AC11909CF410}.Release|Any CPU.Build.0 = Release|Any CPU
		{799F311A-7376-4C90-B468-B7E7FFC1AF59}.Debug|Any CPU.ActiveCfg = Debug|Any CPU
		{799F311A-7376-4C90-B468-B7E7FFC1AF59}.Debug|Any CPU.Build.0 = Debug|Any CPU
		{799F311A-7376-4C90-B468-B7E7FFC1AF59}.Release|Any CPU.ActiveCfg = Release|Any CPU
		{799F311A-7376-4C90-B468-B7E7FFC1AF59}.Release|Any CPU.Build.0 = Release|Any CPU
	EndGlobalSection
	GlobalSection(SolutionProperties) = preSolution
		HideSolutionNode = FALSE
	EndGlobalSection
	GlobalSection(ExtensibilityGlobals) = postSolution
		SolutionGuid = {7CA41ED3-2CED-40CC-AA21-28C3B42B1E86}
	EndGlobalSection
EndGlobal
